
Microsoft Visual Studio Solution File, Format Version 12.00
# Visual Studio Version 17
VisualStudioVersion = 17.13.36105.23 d17.13
MinimumVisualStudioVersion = 10.0.40219.1
Project("{FAE04EC0-301F-11D3-BF4B-00C04F79EFBC}") = "SecretWordGame", "SecretWordGame.csproj", "{22316E72-B30C-447C-93B7-0A86676628C8}"
EndProject
Global
	GlobalSection(SolutionConfigurationPlatforms) = preSolution
		Debug|Any CPU = Debug|Any CPU
		Release|Any CPU = Release|Any CPU
	EndGlobalSection
	GlobalSection(ProjectConfigurationPlatforms) = postSolution
		{22316E72-B30C-447C-93B7-0A86676628C8}.Debug|Any CPU.ActiveCfg = Debug|Any CPU
		{22316E72-B30C-447C-93B7-0A86676628C8}.Debug|Any CPU.Build.0 = Debug|Any CPU
		{22316E72-B30C-447C-93B7-0A86676628C8}.Release|Any CPU.ActiveCfg = Release|Any CPU
		{22316E72-B30C-447C-93B7-0A86676628C8}.Release|Any CPU.Build.0 = Release|Any CPU
	EndGlobalSection
	GlobalSection(SolutionProperties) = preSolution
		HideSolutionNode = FALSE
	EndGlobalSection
	GlobalSection(ExtensibilityGlobals) = postSolution
		SolutionGuid = {0901650D-A603-4FB0-BC31-DE4004933B7C}
	EndGlobalSection
EndGlobal
